# This file is autogenerated, do not edit; changes may be undone by the next 'dep ensure'.


[[projects]]
  digest = "1:d4783a4df42d14edf4c7f9b4c32ced0c8f8b0e1a321457b99b75d1c57ddd6d58"
  name = "github.com/Luzifer/korvike"
  packages = ["functions"]
  pruneopts = "NUT"
  revision = "8fe41ddc32cf19638a5c77fd58b8344e3c5105c9"
  version = "v0.5.0"

[[projects]]
  digest = "1:f6cc072a289a686fda22819d871cd1b0407640141b2f6616dfbab957c96bf6c3"
  name = "github.com/Luzifer/rconfig"
  packages = ["."]
  pruneopts = "NUT"
  revision = "5b80190bff90ccb9899db31e45baac7b1bede03b"
  version = "v2.2.0"

[[projects]]
  digest = "1:52ec55889de2c93a772ceba253313c12f65444aac61a11182d4d119ef97479e8"
  name = "github.com/fatih/structs"
  packages = ["."]
  pruneopts = "NUT"
  revision = "a720dfa8df582c51dee1b36feabb906bde1588bd"
  version = "v1.0"

[[projects]]
  digest = "1:f0d9d74edbd40fdeada436d5ac9cb5197407899af3fef85ff0137077ffe8ae19"
  name = "github.com/hashicorp/errwrap"
  packages = ["."]
  pruneopts = "NUT"
  revision = "7554cd9344cec97297fa6649b055a8c98c2a1e55"

[[projects]]
  digest = "1:7b699584752575e81e3f4e8b00cfb3e5d6fa5419d5d212ef925e02c798847464"
  name = "github.com/hashicorp/go-cleanhttp"
  packages = ["."]
  pruneopts = "NUT"
  revision = "3573b8b52aa7b37b9358d966a898feb387f62437"

[[projects]]
  digest = "1:f5806763f0c70b7fec828bb328ccd06a1cc47df456a40cb739a5e81f47ec3e8a"
  name = "github.com/hashicorp/go-multierror"
  packages = ["."]
  pruneopts = "NUT"
  revision = "ed905158d87462226a13fe39ddf685ea65f1c11f"

[[projects]]
  branch = "master"
  digest = "1:cdb5ce76cd7af19e3d2d5ba9b6458a2ee804f0d376711215dd3df5f51100d423"
  name = "github.com/hashicorp/go-rootcerts"
  packages = ["."]
  pruneopts = "NUT"
  revision = "6bb64b370b90e7ef1fa532be9e591a81c3493e00"

[[projects]]
  digest = "1:3880a7e8c96fa56e3015a0c9430eb932f994a54db689950df12741d75b3fe6eb"
  name = "github.com/hashicorp/hcl"
  packages = [
    ".",
    "hcl/ast",
    "hcl/parser",
    "hcl/scanner",
    "hcl/strconv",
    "hcl/token",
    "json/parser",
    "json/scanner",
    "json/token",
  ]
  pruneopts = "NUT"
  revision = "630949a3c5fa3c613328e1b8256052cbc2327c9b"

[[projects]]
  digest = "1:4679036af40cd4f0081e1edcc6c9c39d44e18b3f94cb469e20b8cff217436b30"
  name = "github.com/hashicorp/vault"
  packages = [
    "api",
    "helper/compressutil",
    "helper/jsonutil",
  ]
  pruneopts = "NUT"
  revision = "4490e93395fb70c3a25ade1fe88f363561a7d584"

[[projects]]
  digest = "1:4059c14e87a2de3a434430340521b5feece186c1469eff0834c29a63870de3ed"
  name = "github.com/konsorten/go-windows-terminal-sequences"
  packages = ["."]
  pruneopts = "NUT"
  revision = "5c8c8bd35d3832f5d134ae1e1e375b69a4d25242"
  version = "v1.0.1"

[[projects]]
  digest = "1:a4df73029d2c42fabcb6b41e327d2f87e685284ec03edf76921c267d9cfc9c23"
  name = "github.com/mitchellh/go-homedir"
  packages = ["."]
  pruneopts = "NUT"
  revision = "ae18d6b8b3205b561c79e8e5f69bff09736185f4"
  version = "v1.0.0"

[[projects]]
  digest = "1:c7fe3a5aad0ae944376d50572fb8249580562d4331b9a1c0a9da9610336688aa"
  name = "github.com/mitchellh/mapstructure"
  packages = ["."]
  pruneopts = "NUT"
  revision = "53818660ed4955e899c0bcafa97299a388bd7c8e"

[[projects]]
  digest = "1:14715f705ff5dfe0ffd6571d7d201dd8e921030f8070321a79380d8ca4ec1a24"
  name = "github.com/pkg/errors"
  packages = ["."]
  pruneopts = "NUT"
  revision = "ba968bfe8b2f7e042a574c888954fccecfa385b4"
  version = "v0.8.1"

[[projects]]
  digest = "1:751ad39108a02b472f1e8c2a6f7656bb1421f527e81f86ac4f821866e8e67971"
  name = "github.com/sethgrid/pester"
  packages = ["."]
  pruneopts = "NUT"
  revision = "4f4c0a67b6496764028e1ab9fd8dfb630282ed2f"

[[projects]]
  digest = "1:e256b859ab89f005f2f639f5ed9807d0873d9135e27c6382f419b840ff9abe71"
  name = "github.com/sirupsen/logrus"
  packages = ["."]
  pruneopts = "NUT"
  revision = "e1e72e9de974bd926e5c56f83753fba2df402ce5"
  version = "v1.3.0"

[[projects]]
  digest = "1:9d8420bbf131d1618bde6530af37c3799340d3762cc47210c1d9532a4c3a2779"
  name = "github.com/spf13/pflag"
  packages = ["."]
  pruneopts = "NUT"
  revision = "298182f68c66c05229eb03ac171abe6e309ee79a"
  version = "v1.0.3"

[[projects]]
  branch = "master"
  digest = "1:38f553aff0273ad6f367cb0a0f8b6eecbaef8dc6cb8b50e57b6a81c1d5b1e332"
  name = "golang.org/x/crypto"
  packages = ["ssh/terminal"]
  pruneopts = "NUT"
  revision = "ff983b9c42bc9fbf91556e191cc8efb585c16908"

[[projects]]
  digest = "1:e84a38ebbd54a52060cae2a5e818cd31e1c00b085733b60235a37bdfa2e9fe83"
  name = "golang.org/x/net"
  packages = [
    "http2",
    "http2/hpack",
    "idna",
    "lex/httplex",
  ]
  pruneopts = "NUT"
  revision = "5602c733f70afc6dcec6766be0d5034d4c4f14de"

[[projects]]
  branch = "master"
  digest = "1:a387cb801e1eacd9a2369522ea11d73077dcb6b7d9525d73c56d12754a0e8afc"
  name = "golang.org/x/sys"
  packages = [
    "unix",
    "windows",
  ]
  pruneopts = "NUT"
  revision = "48ac38b7c8cbedd50b1613c0fccacfc7d88dfcdf"

[[projects]]
  digest = "1:e7071ed636b5422cc51c0e3a6cebc229d6c9fffc528814b519a980641422d619"
  name = "golang.org/x/text"
  packages = [
    "collate",
    "collate/build",
    "internal/colltab",
    "internal/gen",
    "internal/tag",
    "internal/triegen",
    "internal/ucd",
    "language",
    "secure/bidirule",
    "transform",
    "unicode/bidi",
    "unicode/cldr",
    "unicode/norm",
    "unicode/rangetable",
  ]
  pruneopts = "NUT"
  revision = "f21a4dfb5e38f5895301dc265a8def02365cc3d0"
  version = "v0.3.0"

[[projects]]
  branch = "v2"
  digest = "1:1ab6db2d2bd353449c5d1e976ba7a92a0ece6e83aaab3e6674f8f2f1faebb85a"
  name = "gopkg.in/validator.v2"
  packages = ["."]
  pruneopts = "NUT"
  revision = "135c24b11c19e52befcae2ec3fca5d9b78c4e98e"

[[projects]]
  digest = "1:18108594151654e9e696b27b181b953f9a90b16bf14d253dd1b397b025a1487f"
  name = "gopkg.in/yaml.v2"
  packages = ["."]
  pruneopts = "NUT"
  revision = "51d6538a90f86fe93ac480b35f37b2be17fef232"
  version = "v2.2.2"

[solve-meta]
  analyzer-name = "dep"
  analyzer-version = 1
  input-imports = [
    "github.com/Luzifer/korvike/functions",
    "github.com/Luzifer/rconfig",
    "github.com/hashicorp/vault/api",
    "github.com/mitchellh/go-homedir",
    "github.com/pkg/errors",
    "github.com/sirupsen/logrus",
    "gopkg.in/yaml.v2",
  ]
  solver-name = "gps-cdcl"
  solver-version = 1
